
Microsoft Visual Studio Solution File, Format Version 12.00
# Visual Studio Version 17
VisualStudioVersion = 17.14.37111.16 d17.14
MinimumVisualStudioVersion = 10.0.40219.1
Project("{FAE04EC0-301F-11D3-BF4B-00C04F79EFBC}") = "WorkspacePlanner", "WorkspacePlanner\WorkspacePlanner.csproj", "{B48E0399-BE51-470D-874E-7E2F46AB300D}"
EndProject
Global
	GlobalSection(SolutionConfigurationPlatforms) = preSolution
		Debug|Any CPU = Debug|Any CPU
		Release|Any CPU = Release|Any CPU
	EndGlobalSection
	GlobalSection(ProjectConfigurationPlatforms) = postSolution
		{B48E0399-BE51-470D-874E-7E2F46AB300D}.Debug|Any CPU.ActiveCfg = Debug|Any CPU
		{B48E0399-BE51-470D-874E-7E2F46AB300D}.Debug|Any CPU.Build.0 = Debug|Any CPU
		{B48E0399-BE51-470D-874E-7E2F46AB300D}.Release|Any CPU.ActiveCfg = Release|Any CPU
		{B48E0399-BE51-470D-874E-7E2F46AB300D}.Release|Any CPU.Build.0 = Release|Any CPU
	EndGlobalSection
	GlobalSection(SolutionProperties) = preSolution
		HideSolutionNode = FALSE
	EndGlobalSection
	GlobalSection(ExtensibilityGlobals) = postSolution
		SolutionGuid = {D103E8EF-13B5-4AEB-B9FB-C03787F7FD95}
	EndGlobalSection
EndGlobal
